{
  "originHash" : "c02f21b6466f96d55d9e8292c29aaf16d8942712d8d8f2571e1e154c7c5ba084",
  "pins" : [
    {
      "identity" : "swift-cmark",
      "kind" : "remoteSourceControl",
      "location" : "https://github.com/swiftlang/swift-cmark.git",
      "state" : {
        "branch" : "gfm",
        "revision" : "b97d09472e847a416629f026eceae0e2afcfad65"
      }
    },
    {
      "identity" : "swift-markdown",
      "kind" : "remoteSourceControl",
      "location" : "https://github.com/swiftlang/swift-markdown.git",
      "state" : {
        "branch" : "main",
        "revision" : "5d4f6b83fb9509b49f7735e7591abb3e4b6dbc2f"
      }
    }
  ],
  "version" : 3
}
